// !$*UTF8*$!
{
	archiveVersion = 1;
	classes = {
	};
	objectVersion = 50;
	objects = {

/* Begin PBXBuildFile section */
		E9837BE5243E7D0E008B2B94 /* AppDelegate.swift in Sources */ = {isa = PBXBuildFile; fileRef = E9837BE4243E7D0E008B2B94 /* AppDelegate.swift */; };
		E9837BE7243E7D0E008B2B94 /* SceneDelegate.swift in Sources */ = {isa = PBXBuildFile; fileRef = E9837BE6243E7D0E008B2B94 /* SceneDelegate.swift */; };
		E9837BE9243E7D0E008B2B94 /* ViewController.swift in Sources */ = {isa = PBXBuildFile; fileRef = E9837BE8243E7D0E008B2B94 /* ViewController.swift */; };
		E9837BEC243E7D0E008B2B94 /* Main.storyboard in Resources */ = {isa = PBXBuildFile; fileRef = E9837BEA243E7D0E008B2B94 /* Main.storyboard */; };
		E9837BEE243E7D1E008B2B94 /* Assets.xcassets in Resources */ = {isa = PBXBuildFile; fileRef = E9837BED243E7D1E008B2B94 /* Assets.xcassets */; };
		E9837BF1243E7D1E008B2B94 /* LaunchScreen.storyboard in Resources */ = {isa = PBXBuildFile; fileRef = E9837BEF243E7D1E008B2B94 /* LaunchScreen.storyboard */; };
		E9837BF9243F9ECF008B2B94 /* Sean.swift in Sources */ = {isa = PBXBuildFile; fileRef = E9837BF8243F9ECF008B2B94 /* Sean.swift */; };
/* End PBXBuildFile section */

/* Begin PBXFileReference section */
		E9837BE1243E7D0E008B2B94 /* TicTacToeWithHaz.app */ = {isa = PBXFileReference; explicitFileType = wrapper.application; includeInIndex = 0; path = TicTacToeWithHaz.app; sourceTree = BUILT_PRODUCTS_DIR; };
		E9837BE4243E7D0E008B2B94 /* AppDelegate.swift */ = {isa = PBXFileReference; lastKnownFileType = sourcecode.swift; path = AppDelegate.swift; sourceTree = "<group>"; };
		E9837BE6243E7D0E008B2B94 /* SceneDelegate.swift */ = {isa = PBXFileReference; lastKnownFileType = sourcecode.swift; path = SceneDelegate.swift; sourceTree = "<group>"; };
		E9837BE8243E7D0E008B2B94 /* ViewController.swift */ = {isa = PBXFileReference; lastKnownFileType = sourcecode.swift; path = ViewController.swift; sourceTree = "<group>"; };
		E9837BEB243E7D0E008B2B94 /* Base */ = {isa = PBXFileReference; lastKnownFileType = file.storyboard; name = Base; path = Base.lproj/Main.storyboard; sourceTree = "<group>"; };
		E9837BED243E7D1E008B2B94 /* Assets.xcassets */ = {isa = PBXFileReference; lastKnownFileType = folder.assetcatalog; path = Assets.xcassets; sourceTree = "<group>"; };
		E9837BF0243E7D1E008B2B94 /* Base */ = {isa = PBXFileReference; lastKnownFileType = file.storyboard; name = Base; path = Base.lproj/LaunchScreen.storyboard; sourceTree = "<group>"; };
		E9837BF2243E7D1E008B2B94 /* Info.plist */ = {isa = PBXFileReference; lastKnownFileType = text.plist.xml; path = Info.plist; sourceTree = "<group>"; };
		E9837BF8243F9ECF008B2B94 /* Sean.swift */ = {isa = PBXFileReference; lastKnownFileType = sourcecode.swift; path = Sean.swift; sourceTree = "<group>"; };
/* End PBXFileReference section */

/* Begin PBXFrameworksBuildPhase section */
		E9837BDE243E7D0E008B2B94 /* Frameworks */ = {
			isa = PBXFrameworksBuildPhase;
			buildActionMask = 2147483647;
			files = (
			);
			runOnlyForDeploymentPostprocessing = 0;
		};
/* End PBXFrameworksBuildPhase section */

/* Begin PBXGroup section */
		E9837BD8243E7D0E008B2B94 = {
			isa = PBXGroup;
			children = (
				E9837BE3243E7D0E008B2B94 /* TicTacToeWithHaz */,
				E9837BE2243E7D0E008B2B94 /* Products */,
			);
			sourceTree = "<group>";
		};
		E9837BE2243E7D0E008B2B94 /* Products */ = {
			isa = PBXGroup;
			children = (
				E9837BE1243E7D0E008B2B94 /* TicTacToeWithHaz.app */,
			);
			name = Products;
			sourceTree = "<group>";
		};
		E9837BE3243E7D0E008B2B94 /* TicTacToeWithHaz */ = {
			isa = PBXGroup;
			children = (
				E9837BE4243E7D0E008B2B94 /* AppDelegate.swift */,
				E9837BE6243E7D0E008B2B94 /* SceneDelegate.swift */,
				E9837BE8243E7D0E008B2B94 /* ViewController.swift */,
				E9837BF8243F9ECF008B2B94 /* Sean.swift */,
				E9837BEA243E7D0E008B2B94 /* Main.storyboard */,
				E9837BED243E7D1E008B2B94 /* Assets.xcassets */,
				E9837BEF243E7D1E008B2B94 /* LaunchScreen.storyboard */,
				E9837BF2243E7D1E008B2B94 /* Info.plist */,
			);
			path = TicTacToeWithHaz;
			sourceTree = "<group>";
		};
/* End PBXGroup section */

/* Begin PBXNativeTarget section */
		E9837BE0243E7D0E008B2B94 /* TicTacToeWithHaz */ = {
			isa = PBXNativeTarget;
			buildConfigurationList = E9837BF5243E7D1E008B2B94 /* Build configuration list for PBXNativeTarget "TicTacToeWithHaz" */;
			buildPhases = (
				E9837BDD243E7D0E008B2B94 /* Sources */,
				E9837BDE243E7D0E008B2B94 /* Frameworks */,
				E9837BDF243E7D0E008B2B94 /* Resources */,
			);
			buildRules = (
			);
			dependencies = (
			);
			name = TicTacToeWithHaz;
			productName = TicTacToeWithHaz;
			productReference = E9837BE1243E7D0E008B2B94 /* TicTacToeWithHaz.app */;
			productType = "com.apple.product-type.application";
		};
/* End PBXNativeTarget section */

/* Begin PBXProject section */
		E9837BD9243E7D0E008B2B94 /* Project object */ = {
			isa = PBXProject;
			attributes = {
				LastSwiftUpdateCheck = 1140;
				LastUpgradeCheck = 1140;
				ORGANIZATIONNAME = "Sean Jones";
				TargetAttributes = {
					E9837BE0243E7D0E008B2B94 = {
						CreatedOnToolsVersion = 11.4;
					};
				};
			};
			buildConfigurationList = E9837BDC243E7D0E008B2B94 /* Build configuration list for PBXProject "TicTacToeWithHaz" */;
			compatibilityVersion = "Xcode 9.3";
			developmentRegion = en;
			hasScannedForEncodings = 0;
			knownRegions = (
				en,
				Base,
			);
			mainGroup = E9837BD8243E7D0E008B2B94;
			productRefGroup = E9837BE2243E7D0E008B2B94 /* Products */;
			projectDirPath = "";
			projectRoot = "";
			targets = (
				E9837BE0243E7D0E008B2B94 /* TicTacToeWithHaz */,
			);
		};
/* End PBXProject section */

/* Begin PBXResourcesBuildPhase section */
		E9837BDF243E7D0E008B2B94 /* Resources */ = {
			isa = PBXResourcesBuildPhase;
			buildActionMask = 2147483647;
			files = (
				E9837BF1243E7D1E008B2B94 /* LaunchScreen.storyboard in Resources */,
				E9837BEE243E7D1E008B2B94 /* Assets.xcassets in Resources */,
				E9837BEC243E7D0E008B2B94 /* Main.storyboard in Resources */,
			);
			runOnlyForDeploymentPostprocessing = 0;
		};
/* End PBXResourcesBuildPhase section */

/* Begin PBXSourcesBuildPhase section */
		E9837BDD243E7D0E008B2B94 /* Sources */ = {
			isa = PBXSourcesBuildPhase;
			buildActionMask = 2147483647;
			files = (
				E9837BF9243F9ECF008B2B94 /* Sean.swift in Sources */,
				E9837BE9243E7D0E008B2B94 /* ViewController.swift in Sources */,
				E9837BE5243E7D0E008B2B94 /* AppDelegate.swift in Sources */,
				E9837BE7243E7D0E008B2B94 /* SceneDelegate.swift in Sources */,
			);
			runOnlyForDeploymentPostprocessing = 0;
		};
/* End PBXSourcesBuildPhase section */

/* Begin PBXVariantGroup section */
		E9837BEA243E7D0E008B2B94 /* Main.storyboard */ = {
			isa = PBXVariantGroup;
			children = (
				E9837BEB243E7D0E008B2B94 /* Base */,
			);
			name = Main.storyboard;
			sourceTree = "<group>";
		};
		E9837BEF243E7D1E008B2B94 /* LaunchScreen.storyboard */ = {
			isa = PBXVariantGroup;
			children = (
				E9837BF0243E7D1E008B2B94 /* Base */,
			);
			name = LaunchScreen.storyboard;
			sourceTree = "<group>";
		};
/* End PBXVariantGroup section */

/* Begin XCBuildConfiguration section */
		E9837BF3243E7D1E008B2B94 /* Debug */ = {
			isa = XCBuildConfiguration;
			buildSettings = {
				ALWAYS_SEARCH_USER_PATHS = NO;
				CLANG_ANALYZER_NONNULL = YES;
				CLANG_ANALYZER_NUMBER_OBJECT_CONVERSION = YES_AGGRESSIVE;
				CLANG_CXX_LANGUAGE_STANDARD = "gnu++14";
				CLANG_CXX_LIBRARY = "libc++";
				CLANG_ENABLE_MODULES = YES;
				CLANG_ENABLE_OBJC_ARC = YES;
				CLANG_ENABLE_OBJC_WEAK = YES;
				CLANG_WARN_BLOCK_CAPTURE_AUTORELEASING = YES;
				CLANG_WARN_BOOL_CONVERSION = YES;
				CLANG_WARN_COMMA = YES;
				CLANG_WARN_CONSTANT_CONVERSION = YES;
				CLANG_WARN_DEPRECATED_OBJC_IMPLEMENTATIONS = YES;
				CLANG_WARN_DIRECT_OBJC_ISA_USAGE = YES_ERROR;
				CLANG_WARN_DOCUMENTATION_COMMENTS = YES;
				CLANG_WARN_EMPTY_BODY = YES;
				CLANG_WARN_ENUM_CONVERSION = YES;
				CLANG_WARN_INFINITE_RECURSION = YES;
				CLANG_WARN_INT_CONVERSION = YES;
				CLANG_WARN_NON_LITERAL_NULL_CONVERSION = YES;
				CLANG_WARN_OBJC_IMPLICIT_RETAIN_SELF = YES;
				CLANG_WARN_OBJC_LITERAL_CONVERSION = YES;
				CLANG_WARN_OBJC_ROOT_CLASS = YES_ERROR;
				CLANG_WARN_RANGE_LOOP_ANALYSIS = YES;
				CLANG_WARN_STRICT_PROTOTYPES = YES;
				CLANG_WARN_SUSPICIOUS_MOVE = YES;
				CLANG_WARN_UNGUARDED_AVAILABILITY = YES_AGGRESSIVE;
				CLANG_WARN_UNREACHABLE_CODE = YES;
				CLANG_WARN__DUPLICATE_METHOD_MATCH = YES;
				COPY_PHASE_STRIP = NO;
				DEBUG_INFORMATION_FORMAT = dwarf;
				ENABLE_STRICT_OBJC_MSGSEND = YES;
				ENABLE_TESTABILITY = YES;
				GCC_C_LANGUAGE_STANDARD = gnu11;
				GCC_DYNAMIC_NO_PIC = NO;
				GCC_NO_COMMON_BLOCKS = YES;
				GCC_OPTIMIZATION_LEVEL = 0;
				GCC_PREPROCESSOR_DEFINITIONS = (
					"DEBUG=1",
					"$(inherited)",
				);
				GCC_WARN_64_TO_32_BIT_CONVERSION = YES;
				GCC_WARN_ABOUT_RETURN_TYPE = YES_ERROR;
				GCC_WARN_UNDECLARED_SELECTOR = YES;
				GCC_WARN_UNINITIALIZED_AUTOS = YES_AGGRESSIVE;
				GCC_WARN_UNUSED_FUNCTION = YES;
				GCC_WARN_UNUSED_VARIABLE = YES;
				IPHONEOS_DEPLOYMENT_TARGET = 13.4;
				MTL_ENABLE_DEBUG_INFO = INCLUDE_SOURCE;
				MTL_FAST_MATH = YES;
				ONLY_ACTIVE_ARCH = YES;
				SDKROOT = iphoneos;
				SWIFT_ACTIVE_COMPILATION_CONDITIONS = DEBUG;
				SWIFT_OPTIMIZATION_LEVEL = "-Onone";
			};
			name = Debug;
		};
		E9837BF4243E7D1E008B2B94 /* Release */ = {
			isa = XCBuildConfiguration;
			buildSettings = {
				ALWAYS_SEARCH_USER_PATHS = NO;
				CLANG_ANALYZER_NONNULL = YES;
				CLANG_ANALYZER_NUMBER_OBJECT_CONVERSION = YES_AGGRESSIVE;
				CLANG_CXX_LANGUAGE_STANDARD = "gnu++14";
				CLANG_CXX_LIBRARY = "libc++";
				CLANG_ENABLE_MODULES = YES;
				CLANG_ENABLE_OBJC_ARC = YES;
				CLANG_ENABLE_OBJC_WEAK = YES;
				CLANG_WARN_BLOCK_CAPTURE_AUTORELEASING = YES;
				CLANG_WARN_BOOL_CONVERSION = YES;
				CLANG_WARN_COMMA = YES;
				CLANG_WARN_CONSTANT_CONVERSION = YES;
				CLANG_WARN_DEPRECATED_OBJC_IMPLEMENTATIONS = YES;
				CLANG_WARN_DIRECT_OBJC_ISA_USAGE = YES_ERROR;
				CLANG_WARN_DOCUMENTATION_COMMENTS = YES;
				CLANG_WARN_EMPTY_BODY = YES;
				CLANG_WARN_ENUM_CONVERSION = YES;
				CLANG_WARN_INFINITE_RECURSION = YES;
				CLANG_WARN_INT_CONVERSION = YES;
				CLANG_WARN_NON_LITERAL_NULL_CONVERSION = YES;
				CLANG_WARN_OBJC_IMPLICIT_RETAIN_SELF = YES;
				CLANG_WARN_OBJC_LITERAL_CONVERSION = YES;
				CLANG_WARN_OBJC_ROOT_CLASS = YES_ERROR;
				CLANG_WARN_RANGE_LOOP_ANALYSIS = YES;
				CLANG_WARN_STRICT_PROTOTYPES = YES;
				CLANG_WARN_SUSPICIOUS_MOVE = YES;
				CLANG_WARN_UNGUARDED_AVAILABILITY = YES_AGGRESSIVE;
				CLANG_WARN_UNREACHABLE_CODE = YES;
				CLANG_WARN__DUPLICATE_METHOD_MATCH = YES;
				COPY_PHASE_STRIP = NO;
				DEBUG_INFORMATION_FORMAT = "dwarf-with-dsym";
				ENABLE_NS_ASSERTIONS = NO;
				ENABLE_STRICT_OBJC_MSGSEND = YES;
				GCC_C_LANGUAGE_STANDARD = gnu11;
				GCC_NO_COMMON_BLOCKS = YES;
				GCC_WARN_64_TO_32_BIT_CONVERSION = YES;
				GCC_WARN_ABOUT_RETURN_TYPE = YES_ERROR;
				GCC_WARN_UNDECLARED_SELECTOR = YES;
				GCC_WARN_UNINITIALIZED_AUTOS = YES_AGGRESSIVE;
				GCC_WARN_UNUSED_FUNCTION = YES;
				GCC_WARN_UNUSED_VARIABLE = YES;
				IPHONEOS_DEPLOYMENT_TARGET = 13.4;
				MTL_ENABLE_DEBUG_INFO = NO;
				MTL_FAST_MATH = YES;
				SDKROOT = iphoneos;
				SWIFT_COMPILATION_MODE = wholemodule;
				SWIFT_OPTIMIZATION_LEVEL = "-O";
				VALIDATE_PRODUCT = YES;
			};
			name = Release;
		};
		E9837BF6243E7D1E008B2B94 /* Debug */ = {
			isa = XCBuildConfiguration;
			buildSettings = {
				ASSETCATALOG_COMPILER_APPICON_NAME = AppIcon;
				CODE_SIGN_STYLE = Automatic;
				DEVELOPMENT_TEAM = R2784TVUZS;
				INFOPLIST_FILE = TicTacToeWithHaz/Info.plist;
				LD_RUNPATH_SEARCH_PATHS = (
					"$(inherited)",
					"@executable_path/Frameworks",
				);
				PRODUCT_BUNDLE_IDENTIFIER = com.SeanJones.TicTacToeWithHaz;
				PRODUCT_NAME = "$(TARGET_NAME)";
				SWIFT_VERSION = 5.0;
				TARGETED_DEVICE_FAMILY = "1,2";
			};
			name = Debug;
		};
		E9837BF7243E7D1E008B2B94 /* Release */ = {
			isa = XCBuildConfiguration;
			buildSettings = {
				ASSETCATALOG_COMPILER_APPICON_NAME = AppIcon;
				CODE_SIGN_STYLE = Automatic;
				DEVELOPMENT_TEAM = R2784TVUZS;
				INFOPLIST_FILE = TicTacToeWithHaz/Info.plist;
				LD_RUNPATH_SEARCH_PATHS = (
					"$(inherited)",
					"@executable_path/Frameworks",
				);
				PRODUCT_BUNDLE_IDENTIFIER = com.SeanJones.TicTacToeWithHaz;
				PRODUCT_NAME = "$(TARGET_NAME)";
				SWIFT_VERSION = 5.0;
				TARGETED_DEVICE_FAMILY = "1,2";
			};
			name = Release;
		};
/* End XCBuildConfiguration section */

/* Begin XCConfigurationList section */
		E9837BDC243E7D0E008B2B94 /* Build configuration list for PBXProject "TicTacToeWithHaz" */ = {
			isa = XCConfigurationList;
			buildConfigurations = (
				E9837BF3243E7D1E008B2B94 /* Debug */,
				E9837BF4243E7D1E008B2B94 /* Release */,
			);
			defaultConfigurationIsVisible = 0;
			defaultConfigurationName = Release;
		};
		E9837BF5243E7D1E008B2B94 /* Build configuration list for PBXNativeTarget "TicTacToeWithHaz" */ = {
			isa = XCConfigurationList;
			buildConfigurations = (
				E9837BF6243E7D1E008B2B94 /* Debug */,
				E9837BF7243E7D1E008B2B94 /* Release */,
			);
			defaultConfigurationIsVisible = 0;
			defaultConfigurationName = Release;
		};
/* End XCConfigurationList section */
	};
	rootObject = E9837BD9243E7D0E008B2B94 /* Project object */;
}
